
Microsoft Visual Studio Solution File, Format Version 12.00
# Visual Studio Version 17
VisualStudioVersion = 17.8.34525.116
MinimumVisualStudioVersion = 10.0.40219.1
Project("{FAE04EC0-301F-11D3-BF4B-00C04F79EFBC}") = "AnniversaryMinder", "AnniversaryMinder\AnniversaryMinder.csproj", "{FD5125E3-A50A-4365-ABB9-546792BA33E8}"
EndProject
Project("{2150E333-8FDC-42A3-9474-1A3956D46DE8}") = "Solution Items", "Solution Items", "{7C751587-9D1B-44E7-8D5A-53780C32E0F3}"
	ProjectSection(SolutionItems) = preProject
		anniversary_schema.json = anniversary_schema.json
		anniversary.json = anniversary.json
	EndProjectSection
EndProject
Global
	GlobalSection(SolutionConfigurationPlatforms) = preSolution
		Debug|Any CPU = Debug|Any CPU
		Release|Any CPU = Release|Any CPU
	EndGlobalSection
	GlobalSection(ProjectConfigurationPlatforms) = postSolution
		{FD5125E3-A50A-4365-ABB9-546792BA33E8}.Debug|Any CPU.ActiveCfg = Debug|Any CPU
		{FD5125E3-A50A-4365-ABB9-546792BA33E8}.Debug|Any CPU.Build.0 = Debug|Any CPU
		{FD5125E3-A50A-4365-ABB9-546792BA33E8}.Release|Any CPU.ActiveCfg = Release|Any CPU
		{FD5125E3-A50A-4365-ABB9-546792BA33E8}.Release|Any CPU.Build.0 = Release|Any CPU
	EndGlobalSection
	GlobalSection(SolutionProperties) = preSolution
		HideSolutionNode = FALSE
	EndGlobalSection
	GlobalSection(ExtensibilityGlobals) = postSolution
		SolutionGuid = {159FD530-986B-4B9F-AFF6-5C12E6246EAF}
	EndGlobalSection
EndGlobal
